{
  "name": "@cycle-robot-drivers/vision",
  "version": "0.0.0",
  "lockfileVersion": 1,
  "requires": true,
  "dependencies": {
    "@cycle-robot-drivers/action": {
      "version": "file:../action"
    },
    "@cycle/isolate": {
      "version": "3.4.0",
      "resolved": "https://registry.npmjs.org/@cycle/isolate/-/isolate-3.4.0.tgz",
      "integrity": "sha512-mOAlwLeTr6wTdHwKWAfaFeuKeD540kKcJlLVKsqLhbfLp6orF1B3CzMfFNlmqNY30t6o6TORCFfV+0EATK9Y7Q==",
      "requires": {
        "@cycle/run": "4.4.0",
        "xstream": "11.7.0"
      }
    },
    "@cycle/run": {
      "version": "4.4.0",
      "resolved": "https://registry.npmjs.org/@cycle/run/-/run-4.4.0.tgz",
      "integrity": "sha512-vVxnTqKKlgasE+we9X2z3og8z5KouO2RMiIgHWkVek+NomsdaeZwfvbutqzm3VToEImaz0DE2Iln9AxtCOVjpQ==",
      "requires": {
        "quicktask": "1.1.0",
        "xstream": "11.7.0"
      }
    },
    "@protobufjs/aspromise": {
      "version": "1.1.2",
      "resolved": "https://registry.npmjs.org/@protobufjs/aspromise/-/aspromise-1.1.2.tgz",
      "integrity": "sha1-m4sMxmPWaafY9vXQiToU00jzD78="
    },
    "@protobufjs/base64": {
      "version": "1.1.2",
      "resolved": "https://registry.npmjs.org/@protobufjs/base64/-/base64-1.1.2.tgz",
      "integrity": "sha512-AZkcAA5vnN/v4PDqKyMR5lx7hZttPDgClv83E//FMNhR2TMcLUhfRUBHCmSl0oi9zMgDDqRUJkSxO3wm85+XLg=="
    },
    "@protobufjs/codegen": {
      "version": "2.0.4",
      "resolved": "https://registry.npmjs.org/@protobufjs/codegen/-/codegen-2.0.4.tgz",
      "integrity": "sha512-YyFaikqM5sH0ziFZCN3xDC7zeGaB/d0IUb9CATugHWbd1FRFwWwt4ld4OYMPWu5a3Xe01mGAULCdqhMlPl29Jg=="
    },
    "@protobufjs/eventemitter": {
      "version": "1.1.0",
      "resolved": "https://registry.npmjs.org/@protobufjs/eventemitter/-/eventemitter-1.1.0.tgz",
      "integrity": "sha1-NVy8mLr61ZePntCV85diHx0Ga3A="
    },
    "@protobufjs/fetch": {
      "version": "1.1.0",
      "resolved": "https://registry.npmjs.org/@protobufjs/fetch/-/fetch-1.1.0.tgz",
      "integrity": "sha1-upn7WYYUr2VwDBYZ/wbUVLDYTEU=",
      "requires": {
        "@protobufjs/aspromise": "1.1.2",
        "@protobufjs/inquire": "1.1.0"
      }
    },
    "@protobufjs/float": {
      "version": "1.0.2",
      "resolved": "https://registry.npmjs.org/@protobufjs/float/-/float-1.0.2.tgz",
      "integrity": "sha1-Xp4avctz/Ap8uLKR33jIy9l7h9E="
    },
    "@protobufjs/inquire": {
      "version": "1.1.0",
      "resolved": "https://registry.npmjs.org/@protobufjs/inquire/-/inquire-1.1.0.tgz",
      "integrity": "sha1-/yAOPnzyQp4tyvwRQIKOjMY48Ik="
    },
    "@protobufjs/path": {
      "version": "1.1.2",
      "resolved": "https://registry.npmjs.org/@protobufjs/path/-/path-1.1.2.tgz",
      "integrity": "sha1-bMKyDFya1q0NzP0hynZz2Nf79o0="
    },
    "@protobufjs/pool": {
      "version": "1.1.0",
      "resolved": "https://registry.npmjs.org/@protobufjs/pool/-/pool-1.1.0.tgz",
      "integrity": "sha1-Cf0V8tbTq/qbZbw2ZQbWrXhG/1Q="
    },
    "@protobufjs/utf8": {
      "version": "1.1.0",
      "resolved": "https://registry.npmjs.org/@protobufjs/utf8/-/utf8-1.1.0.tgz",
      "integrity": "sha1-p3c2C1s5oaLlEG+OhY8v0tBgxXA="
    },
    "@tensorflow-models/posenet": {
      "version": "0.1.2",
      "resolved": "https://registry.npmjs.org/@tensorflow-models/posenet/-/posenet-0.1.2.tgz",
      "integrity": "sha512-rFlucO/vf3uMqw6pI5AD6EruelpflJmF0v5ZZXfhVjgasI97dPVlVZapxffoJ+0j1dkpmeHMa0/PDi2agVPQVw=="
    },
    "@tensorflow/tfjs": {
      "version": "0.11.4",
      "resolved": "https://registry.npmjs.org/@tensorflow/tfjs/-/tfjs-0.11.4.tgz",
      "integrity": "sha512-l2tVHAtwECiAWJvTFSv9TBUA25hZsbckvPEGdjHCiPrl2oFsMsGbQG9nfQBJ+BZkVJdtaA0tZnYlPauejhSazA==",
      "requires": {
        "@tensorflow/tfjs-converter": "0.4.1",
        "@tensorflow/tfjs-core": "0.11.4",
        "@tensorflow/tfjs-layers": "0.6.4"
      }
    },
    "@tensorflow/tfjs-converter": {
      "version": "0.4.1",
      "resolved": "https://registry.npmjs.org/@tensorflow/tfjs-converter/-/tfjs-converter-0.4.1.tgz",
      "integrity": "sha512-eajV+pL38LxC9lLAmXXFwOdr/1k+9dd02C4lZ2Ui0r33ew9DDlz0OGJbJraNf8yNCZil72oN1Q3ZoljzASlWBg==",
      "requires": {
        "@types/long": "3.0.32",
        "protobufjs": "6.8.8",
        "url": "0.11.0"
      }
    },
    "@tensorflow/tfjs-core": {
      "version": "0.11.4",
      "resolved": "https://registry.npmjs.org/@tensorflow/tfjs-core/-/tfjs-core-0.11.4.tgz",
      "integrity": "sha512-jv/o6RewpdwtVz8+Aq5yppbTrrpE/MTsYcf+LPyC6F9ECiYMBhsPqZHqinzGmdkZIxDZaUC1rJp3ixKWNtDucA==",
      "requires": {
        "seedrandom": "2.4.3"
      }
    },
    "@tensorflow/tfjs-layers": {
      "version": "0.6.4",
      "resolved": "https://registry.npmjs.org/@tensorflow/tfjs-layers/-/tfjs-layers-0.6.4.tgz",
      "integrity": "sha512-BEdI8YksqwqjNGywN1UKV1EUUFTxhCPVRUIvhW76Jqk/cKfkTiM63WddVFfbCIxDN94EFQQlCQ/CSs7UgJ/8zg=="
    },
    "@types/long": {
      "version": "3.0.32",
      "resolved": "https://registry.npmjs.org/@types/long/-/long-3.0.32.tgz",
      "integrity": "sha512-ZXyOOm83p7X8p3s0IYM3VeueNmHpkk/yMlP8CLeOnEcu6hIwPH7YjZBvhQkR0ZFS2DqZAxKtJ/M5fcuv3OU5BA=="
    },
    "@types/node": {
      "version": "10.5.6",
      "resolved": "https://registry.npmjs.org/@types/node/-/node-10.5.6.tgz",
      "integrity": "sha512-c5Z1j1ysgo4878ptz6gxLcgMfJ6Wf908R3l5KAGabr0XJ72ZFmOCgsaodPpNYTfp4iOrSwgTDvR/BxbFfB4zPQ=="
    },
    "dat.gui": {
      "version": "0.7.2",
      "resolved": "https://registry.npmjs.org/dat.gui/-/dat.gui-0.7.2.tgz",
      "integrity": "sha512-Me2SHBCRiSf/4YXfmpZl2+oXKCCK0GMu1Bc86UmC2UwE3ha3NlFsjoq7D8zBRVlLibSlxMjmc2qM3CB9fPDbEA=="
    },
    "extend": {
      "version": "3.0.2",
      "resolved": "https://registry.npmjs.org/extend/-/extend-3.0.2.tgz",
      "integrity": "sha512-fjquC59cD7CyW6urNXK0FBufkZcoiGG80wTuPujX590cB5Ttln20E2UB4S/WARVqhXffZl2LNgS+gQdPIIim/g=="
    },
    "long": {
      "version": "4.0.0",
      "resolved": "https://registry.npmjs.org/long/-/long-4.0.0.tgz",
      "integrity": "sha512-XsP+KhQif4bjX1kbuSiySJFNAehNxgLb6hPRGJ9QsUr8ajHkuXGdrHmFUTUUXhDwVX2R5bY4JNZEwbUiMhV+MA=="
    },
    "protobufjs": {
      "version": "6.8.8",
      "resolved": "https://registry.npmjs.org/protobufjs/-/protobufjs-6.8.8.tgz",
      "integrity": "sha512-AAmHtD5pXgZfi7GMpllpO3q1Xw1OYldr+dMUlAnffGTAhqkg72WdmSY71uKBF/JuyiKs8psYbtKrhi0ASCD8qw==",
      "requires": {
        "@protobufjs/aspromise": "1.1.2",
        "@protobufjs/base64": "1.1.2",
        "@protobufjs/codegen": "2.0.4",
        "@protobufjs/eventemitter": "1.1.0",
        "@protobufjs/fetch": "1.1.0",
        "@protobufjs/float": "1.0.2",
        "@protobufjs/inquire": "1.1.0",
        "@protobufjs/path": "1.1.2",
        "@protobufjs/pool": "1.1.0",
        "@protobufjs/utf8": "1.1.0",
        "@types/long": "4.0.0",
        "@types/node": "10.5.6",
        "long": "4.0.0"
      },
      "dependencies": {
        "@types/long": {
          "version": "4.0.0",
          "resolved": "https://registry.npmjs.org/@types/long/-/long-4.0.0.tgz",
          "integrity": "sha512-1w52Nyx4Gq47uuu0EVcsHBxZFJgurQ+rTKS3qMHxR1GY2T8c2AJYd6vZoZ9q1rupaDjU0yT+Jc2XTyXkjeMA+Q=="
        }
      }
    },
    "punycode": {
      "version": "1.3.2",
      "resolved": "https://registry.npmjs.org/punycode/-/punycode-1.3.2.tgz",
      "integrity": "sha1-llOgNvt8HuQjQvIyXM7v6jkmxI0="
    },
    "querystring": {
      "version": "0.2.0",
      "resolved": "https://registry.npmjs.org/querystring/-/querystring-0.2.0.tgz",
      "integrity": "sha1-sgmEkgO7Jd+CDadW50cAWHhSFiA="
    },
    "quicktask": {
      "version": "1.1.0",
      "resolved": "https://registry.npmjs.org/quicktask/-/quicktask-1.1.0.tgz",
      "integrity": "sha512-b3w19IEXnt5auacLAbePVsqPyVQUwmuhJQrrWnVhm4pP8PAMg2U9vFHbAD9XYXXbMDjdLJs0x5NLqwTV8uFK4g=="
    },
    "seedrandom": {
      "version": "2.4.3",
      "resolved": "https://registry.npmjs.org/seedrandom/-/seedrandom-2.4.3.tgz",
      "integrity": "sha1-JDhQTa0zkXMUv/GKxNeU8W1qrsw="
    },
    "snabbdom": {
      "version": "0.7.1",
      "resolved": "https://registry.npmjs.org/snabbdom/-/snabbdom-0.7.1.tgz",
      "integrity": "sha512-uIOCq6rfkBZg2VdSopy9jL0cIOdrkHCcwOjDsLnjef6Z5oPoD8V7nKI8de4gP5GfvyqLY0RBDJP8LVU19Nsw5Q=="
    },
    "snabbdom-pragma": {
      "version": "2.7.0",
      "resolved": "https://registry.npmjs.org/snabbdom-pragma/-/snabbdom-pragma-2.7.0.tgz",
      "integrity": "sha1-4kUBTEDhI9GhOkCmtKGokUYmtls=",
      "requires": {
        "extend": "3.0.2"
      }
    },
    "stats.js": {
      "version": "0.17.0",
      "resolved": "https://registry.npmjs.org/stats.js/-/stats.js-0.17.0.tgz",
      "integrity": "sha1-scPcRtlEmLV4t/05hbgaznExzH0="
    },
    "symbol-observable": {
      "version": "1.2.0",
      "resolved": "https://registry.npmjs.org/symbol-observable/-/symbol-observable-1.2.0.tgz",
      "integrity": "sha512-e900nM8RRtGhlV36KGEU9k65K3mPb1WV70OdjfxlG2EAuM1noi/E/BaW/uMhL7bPEssK8QV57vN3esixjUvcXQ=="
    },
    "url": {
      "version": "0.11.0",
      "resolved": "https://registry.npmjs.org/url/-/url-0.11.0.tgz",
      "integrity": "sha1-ODjpfPxgUh63PFJajlW/3Z4uKPE=",
      "requires": {
        "punycode": "1.3.2",
        "querystring": "0.2.0"
      }
    },
    "xstream": {
      "version": "11.7.0",
      "resolved": "https://registry.npmjs.org/xstream/-/xstream-11.7.0.tgz",
      "integrity": "sha512-wO3TXiQd2/1UZNVsixDIcQgAN6TU4sGH7qIXvs1CRp1kgtkpU8YTfyKt/z/Z1psqcGnR0cJJxHaCnBxtktLx9w==",
      "requires": {
        "symbol-observable": "1.2.0"
      }
    }
  }
}
