{
  "name": "@cycle-robot-drivers/speech",
  "version": "0.0.9",
  "lockfileVersion": 1,
  "requires": true,
  "dependencies": {
    "@cycle-robot-drivers/action": {
      "version": "0.0.8",
      "resolved": "https://registry.npmjs.org/@cycle-robot-drivers/action/-/action-0.0.8.tgz",
      "integrity": "sha512-WYCU1r7MFzlt1rf48zqIL42PV9dre/TLrkp75WXg3S5yBuZ4HEVNNuYD4F9gOnQ9hT37QjHLpvCAfp24EqRU4w=="
    },
    "@cycle/isolate": {
      "version": "3.4.0",
      "resolved": "https://registry.npmjs.org/@cycle/isolate/-/isolate-3.4.0.tgz",
      "integrity": "sha512-mOAlwLeTr6wTdHwKWAfaFeuKeD540kKcJlLVKsqLhbfLp6orF1B3CzMfFNlmqNY30t6o6TORCFfV+0EATK9Y7Q==",
      "requires": {
        "@cycle/run": "4.4.0",
        "xstream": "11.7.0"
      }
    },
    "@cycle/run": {
      "version": "4.4.0",
      "resolved": "https://registry.npmjs.org/@cycle/run/-/run-4.4.0.tgz",
      "integrity": "sha512-vVxnTqKKlgasE+we9X2z3og8z5KouO2RMiIgHWkVek+NomsdaeZwfvbutqzm3VToEImaz0DE2Iln9AxtCOVjpQ==",
      "requires": {
        "quicktask": "1.1.0",
        "xstream": "11.7.0"
      }
    },
    "@cycle/time": {
      "version": "0.15.0",
      "resolved": "https://registry.npmjs.org/@cycle/time/-/time-0.15.0.tgz",
      "integrity": "sha512-ZXzs5I9KIMSALcz6o04UpbM8eZ6Cc5HJ4iColwtrKGyjZfrYXvVzAG/kC08A6HdS1ve71n7KEhwS+XcwcuMLmg==",
      "dev": true,
      "requires": {
        "@cycle/run": "3.4.0",
        "combine-errors": "3.0.3",
        "most": "1.7.3",
        "performance-now": "2.1.0",
        "raf": "3.3.2",
        "rxjs": "6.3.3",
        "setimmediate": "1.0.5",
        "sorted-immutable-list": "1.1.0",
        "variable-diff": "1.1.0",
        "xstream": "11.7.0"
      },
      "dependencies": {
        "@cycle/run": {
          "version": "3.4.0",
          "resolved": "https://registry.npmjs.org/@cycle/run/-/run-3.4.0.tgz",
          "integrity": "sha512-YUZyPu0nC4YDC31mLH5PGxbMoPEH5dNEV+nmgt34GgGgJ0ykDd4PrY7/ph5MAEpQE6rOfov0VN44qQRs6beQow==",
          "dev": true,
          "requires": {
            "xstream": "11.7.0"
          }
        }
      }
    },
    "@most/multicast": {
      "version": "1.3.0",
      "resolved": "https://registry.npmjs.org/@most/multicast/-/multicast-1.3.0.tgz",
      "integrity": "sha512-DWH8AShgp5bXn+auGzf5tzPxvpmEvQJd0CNsApOci1LDF4eAEcnw4HQOr2Jaa+L92NbDYFKBSXxll+i7r1ikvw==",
      "dev": true,
      "requires": {
        "@most/prelude": "1.7.2"
      }
    },
    "@most/prelude": {
      "version": "1.7.2",
      "resolved": "https://registry.npmjs.org/@most/prelude/-/prelude-1.7.2.tgz",
      "integrity": "sha512-GM5ec7+xpkuXiCMyzhyENgH/xZ8t0nAMDBY0QOsVVD6TrZYjJKUnW1eaI18HHX8W+COWMwWR9c0zoPiBp9+tUg==",
      "dev": true
    },
    "@types/node": {
      "version": "10.12.0",
      "resolved": "https://registry.npmjs.org/@types/node/-/node-10.12.0.tgz",
      "integrity": "sha512-3TUHC3jsBAB7qVRGxT6lWyYo2v96BMmD2PTcl47H25Lu7UXtFH/2qqmKiVrnel6Ne//0TFYf6uvNX+HW2FRkLQ==",
      "dev": true
    },
    "@types/webspeechapi": {
      "version": "0.0.29",
      "resolved": "https://registry.npmjs.org/@types/webspeechapi/-/webspeechapi-0.0.29.tgz",
      "integrity": "sha512-AYEhqEJLdR08YPBOwYa73IHTiGU4DdngbKbtZdW+bzuM7s8LzKBed0Fwgl/a3oMqMY227qOT+3Lpr5A0WSmm+A==",
      "dev": true
    },
    "ansi-regex": {
      "version": "2.1.1",
      "resolved": "https://registry.npmjs.org/ansi-regex/-/ansi-regex-2.1.1.tgz",
      "integrity": "sha1-w7M6te42DYbg5ijwRorn7yfWVN8=",
      "dev": true
    },
    "ansi-styles": {
      "version": "2.2.1",
      "resolved": "https://registry.npmjs.org/ansi-styles/-/ansi-styles-2.2.1.tgz",
      "integrity": "sha1-tDLdM1i2NM914eRmQ2gkBTPB3b4=",
      "dev": true
    },
    "chalk": {
      "version": "1.1.3",
      "resolved": "http://registry.npmjs.org/chalk/-/chalk-1.1.3.tgz",
      "integrity": "sha1-qBFcVeSnAv5NFQq9OHKCKn4J/Jg=",
      "dev": true,
      "requires": {
        "ansi-styles": "2.2.1",
        "escape-string-regexp": "1.0.5",
        "has-ansi": "2.0.0",
        "strip-ansi": "3.0.1",
        "supports-color": "2.0.0"
      }
    },
    "combine-errors": {
      "version": "3.0.3",
      "resolved": "https://registry.npmjs.org/combine-errors/-/combine-errors-3.0.3.tgz",
      "integrity": "sha1-9N9nQAg+VwOjGBEQwrEFUfAD2oY=",
      "dev": true,
      "requires": {
        "custom-error-instance": "2.1.1",
        "lodash.uniqby": "4.5.0"
      }
    },
    "custom-error-instance": {
      "version": "2.1.1",
      "resolved": "https://registry.npmjs.org/custom-error-instance/-/custom-error-instance-2.1.1.tgz",
      "integrity": "sha1-PPY5FIemYppiR+sMoM4ACBt+Nho=",
      "dev": true
    },
    "escape-string-regexp": {
      "version": "1.0.5",
      "resolved": "https://registry.npmjs.org/escape-string-regexp/-/escape-string-regexp-1.0.5.tgz",
      "integrity": "sha1-G2HAViGQqN/2rjuyzwIAyhMLhtQ=",
      "dev": true
    },
    "has-ansi": {
      "version": "2.0.0",
      "resolved": "https://registry.npmjs.org/has-ansi/-/has-ansi-2.0.0.tgz",
      "integrity": "sha1-NPUEnOHs3ysGSa8+8k5F7TVBbZE=",
      "dev": true,
      "requires": {
        "ansi-regex": "2.1.1"
      }
    },
    "lodash._baseiteratee": {
      "version": "4.7.0",
      "resolved": "https://registry.npmjs.org/lodash._baseiteratee/-/lodash._baseiteratee-4.7.0.tgz",
      "integrity": "sha1-NKm1VDVycnw9sueO2uPA6eZr0QI=",
      "dev": true,
      "requires": {
        "lodash._stringtopath": "4.8.0"
      }
    },
    "lodash._basetostring": {
      "version": "4.12.0",
      "resolved": "https://registry.npmjs.org/lodash._basetostring/-/lodash._basetostring-4.12.0.tgz",
      "integrity": "sha1-kyfJ3FFYhmt/pLnUL0Y45XZt2d8=",
      "dev": true
    },
    "lodash._baseuniq": {
      "version": "4.6.0",
      "resolved": "https://registry.npmjs.org/lodash._baseuniq/-/lodash._baseuniq-4.6.0.tgz",
      "integrity": "sha1-DrtE5FaBSveQXGIS+iybLVG4Qeg=",
      "dev": true,
      "requires": {
        "lodash._createset": "4.0.3",
        "lodash._root": "3.0.1"
      }
    },
    "lodash._createset": {
      "version": "4.0.3",
      "resolved": "https://registry.npmjs.org/lodash._createset/-/lodash._createset-4.0.3.tgz",
      "integrity": "sha1-D0ZZ+7CddRlPqeK4imZE02PJ/iY=",
      "dev": true
    },
    "lodash._root": {
      "version": "3.0.1",
      "resolved": "https://registry.npmjs.org/lodash._root/-/lodash._root-3.0.1.tgz",
      "integrity": "sha1-+6HEUkwZ7ppfgTa0YJ8BfPTe1pI=",
      "dev": true
    },
    "lodash._stringtopath": {
      "version": "4.8.0",
      "resolved": "https://registry.npmjs.org/lodash._stringtopath/-/lodash._stringtopath-4.8.0.tgz",
      "integrity": "sha1-lBvPDmQmbl/B1m/tCmlZVExXaCQ=",
      "dev": true,
      "requires": {
        "lodash._basetostring": "4.12.0"
      }
    },
    "lodash.uniqby": {
      "version": "4.5.0",
      "resolved": "https://registry.npmjs.org/lodash.uniqby/-/lodash.uniqby-4.5.0.tgz",
      "integrity": "sha1-o6F7v2LutiQPSRhG6XwcTipeHiE=",
      "dev": true,
      "requires": {
        "lodash._baseiteratee": "4.7.0",
        "lodash._baseuniq": "4.6.0"
      }
    },
    "most": {
      "version": "1.7.3",
      "resolved": "https://registry.npmjs.org/most/-/most-1.7.3.tgz",
      "integrity": "sha512-mk68SM/ptK8WSo3l03raXcWy02Hl7jbzxVozMuvyYxohn4yteh2THhl3+XABF5cunWE8eXHAsLbv+RCJI5y+jg==",
      "dev": true,
      "requires": {
        "@most/multicast": "1.3.0",
        "@most/prelude": "1.7.2",
        "symbol-observable": "1.2.0"
      }
    },
    "object-assign": {
      "version": "4.1.1",
      "resolved": "https://registry.npmjs.org/object-assign/-/object-assign-4.1.1.tgz",
      "integrity": "sha1-IQmtx5ZYh8/AXLvUQsrIv7s2CGM=",
      "dev": true
    },
    "performance-now": {
      "version": "2.1.0",
      "resolved": "https://registry.npmjs.org/performance-now/-/performance-now-2.1.0.tgz",
      "integrity": "sha1-Ywn04OX6kT7BxpMHrjZLSzd8nns=",
      "dev": true
    },
    "quicktask": {
      "version": "1.1.0",
      "resolved": "https://registry.npmjs.org/quicktask/-/quicktask-1.1.0.tgz",
      "integrity": "sha512-b3w19IEXnt5auacLAbePVsqPyVQUwmuhJQrrWnVhm4pP8PAMg2U9vFHbAD9XYXXbMDjdLJs0x5NLqwTV8uFK4g=="
    },
    "raf": {
      "version": "3.3.2",
      "resolved": "https://registry.npmjs.org/raf/-/raf-3.3.2.tgz",
      "integrity": "sha1-DBO+C1tJtG921maSSNUnzysC/ic=",
      "dev": true,
      "requires": {
        "performance-now": "2.1.0"
      }
    },
    "rxjs": {
      "version": "6.3.3",
      "resolved": "https://registry.npmjs.org/rxjs/-/rxjs-6.3.3.tgz",
      "integrity": "sha512-JTWmoY9tWCs7zvIk/CvRjhjGaOd+OVBM987mxFo+OW66cGpdKjZcpmc74ES1sB//7Kl/PAe8+wEakuhG4pcgOw==",
      "dev": true,
      "requires": {
        "tslib": "1.9.3"
      }
    },
    "setimmediate": {
      "version": "1.0.5",
      "resolved": "https://registry.npmjs.org/setimmediate/-/setimmediate-1.0.5.tgz",
      "integrity": "sha1-KQy7Iy4waULX1+qbg3Mqt4VvgoU=",
      "dev": true
    },
    "sorted-immutable-list": {
      "version": "1.1.0",
      "resolved": "https://registry.npmjs.org/sorted-immutable-list/-/sorted-immutable-list-1.1.0.tgz",
      "integrity": "sha1-QaYsAkvXVcTFcwbiDuySYg2uXZc=",
      "dev": true
    },
    "strip-ansi": {
      "version": "3.0.1",
      "resolved": "http://registry.npmjs.org/strip-ansi/-/strip-ansi-3.0.1.tgz",
      "integrity": "sha1-ajhfuIU9lS1f8F0Oiq+UJ43GPc8=",
      "dev": true,
      "requires": {
        "ansi-regex": "2.1.1"
      }
    },
    "supports-color": {
      "version": "2.0.0",
      "resolved": "https://registry.npmjs.org/supports-color/-/supports-color-2.0.0.tgz",
      "integrity": "sha1-U10EXOa2Nj+kARcIRimZXp3zJMc=",
      "dev": true
    },
    "symbol-observable": {
      "version": "1.2.0",
      "resolved": "https://registry.npmjs.org/symbol-observable/-/symbol-observable-1.2.0.tgz",
      "integrity": "sha512-e900nM8RRtGhlV36KGEU9k65K3mPb1WV70OdjfxlG2EAuM1noi/E/BaW/uMhL7bPEssK8QV57vN3esixjUvcXQ=="
    },
    "tslib": {
      "version": "1.9.3",
      "resolved": "https://registry.npmjs.org/tslib/-/tslib-1.9.3.tgz",
      "integrity": "sha512-4krF8scpejhaOgqzBEcGM7yDIEfi0/8+8zDRZhNZZ2kjmHJ4hv3zCbQWxoJGz1iw5U0Jl0nma13xzHXcncMavQ==",
      "dev": true
    },
    "variable-diff": {
      "version": "1.1.0",
      "resolved": "https://registry.npmjs.org/variable-diff/-/variable-diff-1.1.0.tgz",
      "integrity": "sha1-0r1cZtt2wTh52W5qMG7cmJ35eNo=",
      "dev": true,
      "requires": {
        "chalk": "1.1.3",
        "object-assign": "4.1.1"
      }
    },
    "xstream": {
      "version": "11.7.0",
      "resolved": "https://registry.npmjs.org/xstream/-/xstream-11.7.0.tgz",
      "integrity": "sha512-wO3TXiQd2/1UZNVsixDIcQgAN6TU4sGH7qIXvs1CRp1kgtkpU8YTfyKt/z/Z1psqcGnR0cJJxHaCnBxtktLx9w==",
      "requires": {
        "symbol-observable": "1.2.0"
      }
    }
  }
}
