{
  "name": "@cycle-robot-drivers/actionbank",
  "version": "0.0.4",
  "lockfileVersion": 1,
  "requires": true,
  "dependencies": {
    "@cycle-robot-drivers/action": {
      "version": "0.0.19",
      "resolved": "https://registry.npmjs.org/@cycle-robot-drivers/action/-/action-0.0.19.tgz",
      "integrity": "sha512-/Azv8L78nQ9NpIMS29mpYsxacga0Ssok9SfaiBmTSIrX8oc7elYTCpePOBIaR3JMVbb1If70UKq0kKcOn6Ul9A=="
    },
    "@cycle/isolate": {
      "version": "4.2.0",
      "resolved": "https://registry.npmjs.org/@cycle/isolate/-/isolate-4.2.0.tgz",
      "integrity": "sha512-I11AOSaKIIuh5Ww08BRO9pZiqi5HxtQUM2eFMOAkwDyjlLfuzqvZKSg61NWJfl/RPAgcMwgDo1tbExSr3nI+NA==",
      "requires": {
        "@cycle/run": "^5.2.0",
        "xstream": "^11.7.0"
      }
    },
    "@cycle/run": {
      "version": "5.2.0",
      "resolved": "https://registry.npmjs.org/@cycle/run/-/run-5.2.0.tgz",
      "integrity": "sha512-FTXtJ13I8MkBo7BGBH6S41/vt/Z/s23ZjyhmyTrFGCFxBH5rtIJGcuVPwbSVRlpjFq7G2Vjxd585u+0kANhNvA==",
      "requires": {
        "quicktask": "1.1.0",
        "xstream": "10.x || 11.x"
      }
    },
    "@cycle/state": {
      "version": "1.1.0",
      "resolved": "https://registry.npmjs.org/@cycle/state/-/state-1.1.0.tgz",
      "integrity": "sha512-Dr4/CI1kizy7pF7AWFU2MzW1dZzxhbSIAFx85rk/xeeHBYaoivQIbwO9r881+J3zLg/6jKME38A2BnVT20S3Fw==",
      "requires": {
        "@cycle/isolate": "^4.2.0",
        "@cycle/run": "^5.2.0",
        "quicktask": "1.1.0",
        "xstream": ">=11"
      }
    },
    "quicktask": {
      "version": "1.1.0",
      "resolved": "https://registry.npmjs.org/quicktask/-/quicktask-1.1.0.tgz",
      "integrity": "sha512-b3w19IEXnt5auacLAbePVsqPyVQUwmuhJQrrWnVhm4pP8PAMg2U9vFHbAD9XYXXbMDjdLJs0x5NLqwTV8uFK4g=="
    },
    "symbol-observable": {
      "version": "1.2.0",
      "resolved": "https://registry.npmjs.org/symbol-observable/-/symbol-observable-1.2.0.tgz",
      "integrity": "sha512-e900nM8RRtGhlV36KGEU9k65K3mPb1WV70OdjfxlG2EAuM1noi/E/BaW/uMhL7bPEssK8QV57vN3esixjUvcXQ=="
    },
    "xstream": {
      "version": "11.7.0",
      "resolved": "https://registry.npmjs.org/xstream/-/xstream-11.7.0.tgz",
      "integrity": "sha512-wO3TXiQd2/1UZNVsixDIcQgAN6TU4sGH7qIXvs1CRp1kgtkpU8YTfyKt/z/Z1psqcGnR0cJJxHaCnBxtktLx9w==",
      "requires": {
        "symbol-observable": "1.2.0"
      }
    }
  }
}
