{
  "name": "@cycle-robot-drivers/actionbank",
  "version": "0.0.7",
  "lockfileVersion": 1,
  "requires": true,
  "dependencies": {
    "@cycle-robot-drivers/action": {
      "version": "file:../action",
      "requires": {
        "@cycle/state": "1.2.0",
        "xstream": "11.10.0"
      },
      "dependencies": {
        "@cycle/isolate": {
          "version": "5.0.0",
          "bundled": true,
          "requires": {
            "@cycle/run": "5.2.0",
            "xstream": "11.10.0"
          }
        },
        "@cycle/run": {
          "version": "5.2.0",
          "bundled": true,
          "requires": {
            "quicktask": "1.1.0",
            "xstream": "11.10.0"
          }
        },
        "@cycle/state": {
          "version": "1.2.0",
          "bundled": true,
          "requires": {
            "@cycle/isolate": "5.0.0",
            "@cycle/run": "5.2.0",
            "quicktask": "1.1.0",
            "xstream": "11.10.0"
          }
        },
        "quicktask": {
          "version": "1.1.0",
          "bundled": true
        },
        "symbol-observable": {
          "version": "1.2.0",
          "bundled": true
        },
        "xstream": {
          "version": "11.10.0",
          "bundled": true,
          "requires": {
            "symbol-observable": "1.2.0"
          }
        }
      }
    },
    "@cycle-robot-drivers/screen": {
      "version": "file:../screen",
      "requires": {
        "@cycle-robot-drivers/action": "file:../action",
        "@cycle/dom": "22.3.0",
        "@cycle/isolate": "5.0.0",
        "@cycle/run": "5.2.0",
        "xstream": "11.10.0"
      },
      "dependencies": {
        "@cycle-robot-drivers/action": {
          "version": "file:../action",
          "bundled": true,
          "requires": {
            "@cycle/state": "1.2.0",
            "xstream": "11.10.0"
          },
          "dependencies": {
            "@cycle/isolate": {
              "version": "5.0.0",
              "bundled": true,
              "requires": {
                "@cycle/run": "5.2.0",
                "xstream": "11.10.0"
              }
            },
            "@cycle/run": {
              "version": "5.2.0",
              "bundled": true,
              "requires": {
                "quicktask": "1.1.0",
                "xstream": "11.10.0"
              }
            },
            "@cycle/state": {
              "version": "1.2.0",
              "bundled": true,
              "requires": {
                "@cycle/isolate": "5.0.0",
                "@cycle/run": "5.2.0",
                "quicktask": "1.1.0",
                "xstream": "11.10.0"
              }
            },
            "quicktask": {
              "version": "1.1.0",
              "bundled": true
            },
            "symbol-observable": {
              "version": "1.2.0",
              "bundled": true
            },
            "xstream": {
              "version": "11.10.0",
              "bundled": true,
              "requires": {
                "symbol-observable": "1.2.0"
              }
            }
          }
        },
        "@cycle/dom": {
          "version": "22.3.0",
          "bundled": true,
          "requires": {
            "@cycle/run": "5.2.0",
            "snabbdom": "0.7.3",
            "snabbdom-selector": "4.1.0",
            "xstream": "11.10.0"
          }
        },
        "@cycle/isolate": {
          "version": "5.0.0",
          "bundled": true,
          "requires": {
            "@cycle/run": "5.2.0",
            "xstream": "11.10.0"
          }
        },
        "@cycle/run": {
          "version": "5.2.0",
          "bundled": true,
          "requires": {
            "quicktask": "1.1.0",
            "xstream": "11.10.0"
          }
        },
        "@cycle/state": {
          "version": "1.2.0",
          "bundled": true,
          "requires": {
            "@cycle/isolate": "5.0.0",
            "@cycle/run": "5.2.0",
            "quicktask": "1.1.0",
            "xstream": "11.10.0"
          }
        },
        "@cycle/time": {
          "version": "0.19.0",
          "bundled": true,
          "requires": {
            "@cycle/run": "5.2.0",
            "combine-errors": "3.0.3",
            "most": "1.7.3",
            "performance-now": "2.1.0",
            "raf": "3.4.1",
            "rxjs": "6.4.0",
            "setimmediate": "1.0.5",
            "sorted-immutable-list": "1.1.0",
            "variable-diff": "1.1.0",
            "xstream": "11.10.0"
          }
        },
        "@most/multicast": {
          "version": "1.3.0",
          "bundled": true,
          "requires": {
            "@most/prelude": "1.7.2"
          }
        },
        "@most/prelude": {
          "version": "1.7.2",
          "bundled": true
        },
        "@types/node": {
          "version": "11.9.4",
          "bundled": true
        },
        "ansi-regex": {
          "version": "2.1.1",
          "bundled": true
        },
        "ansi-styles": {
          "version": "2.2.1",
          "bundled": true
        },
        "chalk": {
          "version": "1.1.3",
          "bundled": true,
          "requires": {
            "ansi-styles": "2.2.1",
            "escape-string-regexp": "1.0.5",
            "has-ansi": "2.0.0",
            "strip-ansi": "3.0.1",
            "supports-color": "2.0.0"
          }
        },
        "combine-errors": {
          "version": "3.0.3",
          "bundled": true,
          "requires": {
            "custom-error-instance": "2.1.1",
            "lodash.uniqby": "4.5.0"
          }
        },
        "custom-error-instance": {
          "version": "2.1.1",
          "bundled": true
        },
        "escape-string-regexp": {
          "version": "1.0.5",
          "bundled": true
        },
        "has-ansi": {
          "version": "2.0.0",
          "bundled": true,
          "requires": {
            "ansi-regex": "2.1.1"
          }
        },
        "lodash._baseiteratee": {
          "version": "4.7.0",
          "bundled": true,
          "requires": {
            "lodash._stringtopath": "4.8.0"
          }
        },
        "lodash._basetostring": {
          "version": "4.12.0",
          "bundled": true
        },
        "lodash._baseuniq": {
          "version": "4.6.0",
          "bundled": true,
          "requires": {
            "lodash._createset": "4.0.3",
            "lodash._root": "3.0.1"
          }
        },
        "lodash._createset": {
          "version": "4.0.3",
          "bundled": true
        },
        "lodash._root": {
          "version": "3.0.1",
          "bundled": true
        },
        "lodash._stringtopath": {
          "version": "4.8.0",
          "bundled": true,
          "requires": {
            "lodash._basetostring": "4.12.0"
          }
        },
        "lodash.uniqby": {
          "version": "4.5.0",
          "bundled": true,
          "requires": {
            "lodash._baseiteratee": "4.7.0",
            "lodash._baseuniq": "4.6.0"
          }
        },
        "most": {
          "version": "1.7.3",
          "bundled": true,
          "requires": {
            "@most/multicast": "1.3.0",
            "@most/prelude": "1.7.2",
            "symbol-observable": "1.2.0"
          }
        },
        "object-assign": {
          "version": "4.1.1",
          "bundled": true
        },
        "performance-now": {
          "version": "2.1.0",
          "bundled": true
        },
        "quicktask": {
          "version": "1.1.0",
          "bundled": true
        },
        "raf": {
          "version": "3.4.1",
          "bundled": true,
          "requires": {
            "performance-now": "2.1.0"
          }
        },
        "rxjs": {
          "version": "6.4.0",
          "bundled": true,
          "requires": {
            "tslib": "1.9.3"
          }
        },
        "setimmediate": {
          "version": "1.0.5",
          "bundled": true
        },
        "snabbdom": {
          "version": "0.7.3",
          "bundled": true
        },
        "snabbdom-selector": {
          "version": "4.1.0",
          "bundled": true,
          "requires": {
            "tree-selector": "2.1.0"
          }
        },
        "sorted-immutable-list": {
          "version": "1.1.0",
          "bundled": true
        },
        "strip-ansi": {
          "version": "3.0.1",
          "bundled": true,
          "requires": {
            "ansi-regex": "2.1.1"
          }
        },
        "supports-color": {
          "version": "2.0.0",
          "bundled": true
        },
        "symbol-observable": {
          "version": "1.2.0",
          "bundled": true
        },
        "tree-selector": {
          "version": "2.1.0",
          "bundled": true
        },
        "tslib": {
          "version": "1.9.3",
          "bundled": true
        },
        "variable-diff": {
          "version": "1.1.0",
          "bundled": true,
          "requires": {
            "chalk": "1.1.3",
            "object-assign": "4.1.1"
          }
        },
        "xstream": {
          "version": "11.10.0",
          "bundled": true,
          "requires": {
            "symbol-observable": "1.2.0"
          }
        }
      }
    },
    "@cycle/dom": {
      "version": "22.3.0",
      "resolved": "https://registry.npmjs.org/@cycle/dom/-/dom-22.3.0.tgz",
      "integrity": "sha512-7VMGsiQsHp8cHD+o3HcuOrvHkTlS7TY1aNyLoEJD0p5cWmxzaiotapFH+6rDpNq4FzuiIeZLR5SPHVNEt9pBQA==",
      "requires": {
        "@cycle/run": "5.2.0",
        "snabbdom": "0.7.3",
        "snabbdom-selector": "4.1.0",
        "xstream": "11.10.0"
      }
    },
    "@cycle/isolate": {
      "version": "5.0.0",
      "resolved": "https://registry.npmjs.org/@cycle/isolate/-/isolate-5.0.0.tgz",
      "integrity": "sha512-9MS+Z7AjRzYljOc+AqSQUQBmQw0473rqv6op0dyhumILydcGirTmR6hrilJ/IYcYjeDEYaVfftYuIu15kU/Qcg==",
      "requires": {
        "@cycle/run": "5.2.0",
        "xstream": "11.10.0"
      }
    },
    "@cycle/run": {
      "version": "5.2.0",
      "resolved": "https://registry.npmjs.org/@cycle/run/-/run-5.2.0.tgz",
      "integrity": "sha512-FTXtJ13I8MkBo7BGBH6S41/vt/Z/s23ZjyhmyTrFGCFxBH5rtIJGcuVPwbSVRlpjFq7G2Vjxd585u+0kANhNvA==",
      "requires": {
        "quicktask": "1.1.0",
        "xstream": "11.10.0"
      }
    },
    "@cycle/state": {
      "version": "1.2.0",
      "resolved": "https://registry.npmjs.org/@cycle/state/-/state-1.2.0.tgz",
      "integrity": "sha512-G9Htl8zEuxd3GhYLm0zwARq1CSOeyaL2VN1SCmMUF6wUvrv17xQGfiYOcfOQ9aFeOwJnc+G9p6Dya2uRNNRhog==",
      "requires": {
        "@cycle/isolate": "5.0.0",
        "@cycle/run": "5.2.0",
        "quicktask": "1.1.0",
        "xstream": "11.10.0"
      },
      "dependencies": {
        "@cycle/isolate": {
          "version": "5.0.0",
          "resolved": "https://registry.npmjs.org/@cycle/isolate/-/isolate-5.0.0.tgz",
          "integrity": "sha512-9MS+Z7AjRzYljOc+AqSQUQBmQw0473rqv6op0dyhumILydcGirTmR6hrilJ/IYcYjeDEYaVfftYuIu15kU/Qcg==",
          "requires": {
            "@cycle/run": "5.2.0",
            "xstream": "11.10.0"
          }
        }
      }
    },
    "quicktask": {
      "version": "1.1.0",
      "resolved": "https://registry.npmjs.org/quicktask/-/quicktask-1.1.0.tgz",
      "integrity": "sha512-b3w19IEXnt5auacLAbePVsqPyVQUwmuhJQrrWnVhm4pP8PAMg2U9vFHbAD9XYXXbMDjdLJs0x5NLqwTV8uFK4g=="
    },
    "snabbdom": {
      "version": "0.7.3",
      "resolved": "https://registry.npmjs.org/snabbdom/-/snabbdom-0.7.3.tgz",
      "integrity": "sha512-XNh90GQiV36hWdfSL46fIVrSSvmBuZlWk3++qaEgBeQWQJCqTphcbjTODPv8/vyZHJaB3VhePsWfGxi/zBxXyw=="
    },
    "snabbdom-selector": {
      "version": "4.1.0",
      "resolved": "https://registry.npmjs.org/snabbdom-selector/-/snabbdom-selector-4.1.0.tgz",
      "integrity": "sha512-NDWOVSUR6yPlxH2F9XRwnF59UObLnItfSXcIw6+azkyrEDqT2c8pZ85UHvjijsgdve3g19qsC0/69tB5eZqTvA==",
      "requires": {
        "tree-selector": "2.1.0"
      }
    },
    "symbol-observable": {
      "version": "1.2.0",
      "resolved": "https://registry.npmjs.org/symbol-observable/-/symbol-observable-1.2.0.tgz",
      "integrity": "sha512-e900nM8RRtGhlV36KGEU9k65K3mPb1WV70OdjfxlG2EAuM1noi/E/BaW/uMhL7bPEssK8QV57vN3esixjUvcXQ=="
    },
    "tree-selector": {
      "version": "2.1.0",
      "resolved": "https://registry.npmjs.org/tree-selector/-/tree-selector-2.1.0.tgz",
      "integrity": "sha512-Giao15zxN5PvdzJv7HDubn3aSrlsWD9TG9xngYkiuChhIgPH6cQqvCGV5sJ/sWahm7nRtPx46hKax81eyz1sOg=="
    },
    "xstream": {
      "version": "11.10.0",
      "resolved": "https://registry.npmjs.org/xstream/-/xstream-11.10.0.tgz",
      "integrity": "sha512-jzFCiRqGtrJi2S1/RPxVFgJwWVBzy4suMPBXlhOi0BJC7VvsXgo2yOHWnOasnj24n2Dlj2Mgfl6fJXPOYmpHFA==",
      "requires": {
        "symbol-observable": "1.2.0"
      }
    }
  }
}
