{
  "name": "@cycle-robot-drivers/run",
  "version": "0.0.0",
  "lockfileVersion": 1,
  "requires": true,
  "dependencies": {
    "@cycle-robot-drivers/action": {
      "version": "0.0.5",
      "resolved": "https://registry.npmjs.org/@cycle-robot-drivers/action/-/action-0.0.5.tgz",
      "integrity": "sha512-od34PEy9yqOsqVrkt+Bx7DDPvGDclVzAJj79Ji9FK5Qw0wstvxqS+tAAs84HAAN8D/6ajSiN2H1vxdcFMqSxgQ=="
    },
    "@cycle-robot-drivers/screen": {
      "version": "0.0.2",
      "resolved": "https://registry.npmjs.org/@cycle-robot-drivers/screen/-/screen-0.0.2.tgz",
      "integrity": "sha512-mk9I0LezvhwEPYU1SLAqobzxHkfQKaW6UXnMjd/tdaSFfgTasw8McysxXTEZgrdV/3gdpfcZ/oZB+mwb9EkSjg==",
      "requires": {
        "@cycle-robot-drivers/action": "0.0.5",
        "@cycle/dom": "20.4.0",
        "@cycle/isolate": "3.4.0",
        "@cycle/run": "4.4.0",
        "snabbdom": "0.7.1",
        "snabbdom-pragma": "2.7.0",
        "xstream": "11.7.0"
      }
    },
    "@cycle-robot-drivers/sound": {
      "version": "0.0.1",
      "resolved": "https://registry.npmjs.org/@cycle-robot-drivers/sound/-/sound-0.0.1.tgz",
      "integrity": "sha512-ZnxNWsOoP6Yqyyj8IXt6Y6Coo66knC1+VKraJiLyBt0LBo+OoT0s/7GfeK1bMuYzh6df5S1GT5LOLL60Wck6aQ==",
      "requires": {
        "@cycle-robot-drivers/action": "0.0.5",
        "@cycle/isolate": "3.4.0",
        "@cycle/run": "4.4.0",
        "xstream": "11.7.0"
      }
    },
    "@cycle-robot-drivers/speech": {
      "version": "0.0.3",
      "resolved": "https://registry.npmjs.org/@cycle-robot-drivers/speech/-/speech-0.0.3.tgz",
      "integrity": "sha512-3hDkahrkdbDbe1BPpzI3I8oXMOqVdW3l6/6QxfMz4EYUiHeYYITXwAJYTLCIow6CHT5sl35EBpWfiu+gYaUMgQ==",
      "requires": {
        "@cycle-robot-drivers/action": "0.0.5",
        "@cycle/isolate": "3.4.0",
        "@cycle/run": "4.4.0",
        "xstream": "11.7.0"
      }
    },
    "@cycle/dom": {
      "version": "20.4.0",
      "resolved": "https://registry.npmjs.org/@cycle/dom/-/dom-20.4.0.tgz",
      "integrity": "sha512-67z3FLe1MZhIVdI/HWS+7WlNGWEWsPaF36bW1u96D35dIsyLBirgggswk2Za1uoXTqt5bs6s4Wvkh8F+4RLD0w==",
      "requires": {
        "@cycle/run": "4.4.0",
        "es6-map": "0.1.5",
        "snabbdom": "0.7.0",
        "snabbdom-selector": "3.1.0",
        "xstream": "11.7.0"
      },
      "dependencies": {
        "snabbdom": {
          "version": "0.7.0",
          "resolved": "https://registry.npmjs.org/snabbdom/-/snabbdom-0.7.0.tgz",
          "integrity": "sha512-LCg6lH9p2OD5n52SI4LlpYmDW2bscxsyN7rhnGJB/R3LQy/FdJfqNBM5aVST+zOfM4OdKFl8pxVUhjGsPtQA1w=="
        }
      }
    },
    "@cycle/isolate": {
      "version": "3.4.0",
      "resolved": "https://registry.npmjs.org/@cycle/isolate/-/isolate-3.4.0.tgz",
      "integrity": "sha512-mOAlwLeTr6wTdHwKWAfaFeuKeD540kKcJlLVKsqLhbfLp6orF1B3CzMfFNlmqNY30t6o6TORCFfV+0EATK9Y7Q==",
      "requires": {
        "@cycle/run": "4.4.0",
        "xstream": "11.7.0"
      }
    },
    "@cycle/run": {
      "version": "4.4.0",
      "resolved": "https://registry.npmjs.org/@cycle/run/-/run-4.4.0.tgz",
      "integrity": "sha512-vVxnTqKKlgasE+we9X2z3og8z5KouO2RMiIgHWkVek+NomsdaeZwfvbutqzm3VToEImaz0DE2Iln9AxtCOVjpQ==",
      "requires": {
        "quicktask": "1.1.0",
        "xstream": "11.7.0"
      }
    },
    "@tensorflow-models/posenet": {
      "version": "0.2.2",
      "resolved": "https://registry.npmjs.org/@tensorflow-models/posenet/-/posenet-0.2.2.tgz",
      "integrity": "sha512-Tm54tGEtK10I2aBSDwym4aqQKWP9P8oSMm80H8mad9EqTKQWyJuJ1gnbdQ9P7zK3VX8M0eNVXMxjto4tjPhLsQ=="
    },
    "@tensorflow/tfjs": {
      "version": "0.10.3",
      "resolved": "https://registry.npmjs.org/@tensorflow/tfjs/-/tfjs-0.10.3.tgz",
      "integrity": "sha512-3j/GZNOs7QFuWhdBnyj1+Ot0OLM5uMS/tzvTQlPCZwmD/kq1448XpWSh0nJsSMhuN0TGEFTe4DTu8jVs44K9uw==",
      "requires": {
        "@tensorflow/tfjs-core": "0.8.4",
        "@tensorflow/tfjs-layers": "0.5.3"
      }
    },
    "@tensorflow/tfjs-core": {
      "version": "0.8.4",
      "resolved": "https://registry.npmjs.org/@tensorflow/tfjs-core/-/tfjs-core-0.8.4.tgz",
      "integrity": "sha512-8sq2B391UtqELupdWpghElWJXYQVV6QIyvLipN8KLuIzbThbn4qXMOeHgGtu2C+cKMdGg21UzNrGSgfTKiPB3g==",
      "requires": {
        "seedrandom": "2.4.4"
      }
    },
    "@tensorflow/tfjs-layers": {
      "version": "0.5.3",
      "resolved": "https://registry.npmjs.org/@tensorflow/tfjs-layers/-/tfjs-layers-0.5.3.tgz",
      "integrity": "sha512-GNGVnbg8FPTwEglZp1VDuxVkAUMmC9oPkuz1kTExdfEJyPywGxyIfCNs6sJn5b1XupGazautbnGWOe13qDDH3Q=="
    },
    "cycle-posenet-driver": {
      "version": "0.0.4",
      "resolved": "https://registry.npmjs.org/cycle-posenet-driver/-/cycle-posenet-driver-0.0.4.tgz",
      "integrity": "sha512-KbilxGnf13TJAsJMigRIJ0jix+WwvZi4fcjgrg5/qiqYBJjT9v/8ilaVHtU9ZltN4u2QJF6n6VCmdONMVInk0Q==",
      "requires": {
        "@cycle-robot-drivers/action": "0.0.5",
        "@cycle/isolate": "3.4.0",
        "@cycle/run": "4.4.0",
        "@tensorflow-models/posenet": "0.2.2",
        "@tensorflow/tfjs": "0.10.3",
        "dat.gui": "0.7.2",
        "snabbdom": "0.7.1",
        "snabbdom-pragma": "2.7.0",
        "stats.js": "0.17.0",
        "xstream": "11.7.0"
      }
    },
    "d": {
      "version": "1.0.0",
      "resolved": "https://registry.npmjs.org/d/-/d-1.0.0.tgz",
      "integrity": "sha1-dUu1v+VUUdpppYuU1F9MWwRi1Y8=",
      "requires": {
        "es5-ext": "0.10.46"
      }
    },
    "dat.gui": {
      "version": "0.7.2",
      "resolved": "https://registry.npmjs.org/dat.gui/-/dat.gui-0.7.2.tgz",
      "integrity": "sha512-Me2SHBCRiSf/4YXfmpZl2+oXKCCK0GMu1Bc86UmC2UwE3ha3NlFsjoq7D8zBRVlLibSlxMjmc2qM3CB9fPDbEA=="
    },
    "es5-ext": {
      "version": "0.10.46",
      "resolved": "https://registry.npmjs.org/es5-ext/-/es5-ext-0.10.46.tgz",
      "integrity": "sha512-24XxRvJXNFwEMpJb3nOkiRJKRoupmjYmOPVlI65Qy2SrtxwOTB+g6ODjBKOtwEHbYrhWRty9xxOWLNdClT2djw==",
      "requires": {
        "es6-iterator": "2.0.3",
        "es6-symbol": "3.1.1",
        "next-tick": "1.0.0"
      }
    },
    "es6-iterator": {
      "version": "2.0.3",
      "resolved": "https://registry.npmjs.org/es6-iterator/-/es6-iterator-2.0.3.tgz",
      "integrity": "sha1-p96IkUGgWpSwhUQDstCg+/qY87c=",
      "requires": {
        "d": "1.0.0",
        "es5-ext": "0.10.46",
        "es6-symbol": "3.1.1"
      }
    },
    "es6-map": {
      "version": "0.1.5",
      "resolved": "https://registry.npmjs.org/es6-map/-/es6-map-0.1.5.tgz",
      "integrity": "sha1-kTbgUD3MBqMBaQ8LsU/042TpSfA=",
      "requires": {
        "d": "1.0.0",
        "es5-ext": "0.10.46",
        "es6-iterator": "2.0.3",
        "es6-set": "0.1.5",
        "es6-symbol": "3.1.1",
        "event-emitter": "0.3.5"
      }
    },
    "es6-set": {
      "version": "0.1.5",
      "resolved": "https://registry.npmjs.org/es6-set/-/es6-set-0.1.5.tgz",
      "integrity": "sha1-0rPsXU2ADO2BjbU40ol02wpzzLE=",
      "requires": {
        "d": "1.0.0",
        "es5-ext": "0.10.46",
        "es6-iterator": "2.0.3",
        "es6-symbol": "3.1.1",
        "event-emitter": "0.3.5"
      }
    },
    "es6-symbol": {
      "version": "3.1.1",
      "resolved": "https://registry.npmjs.org/es6-symbol/-/es6-symbol-3.1.1.tgz",
      "integrity": "sha1-vwDvT9q2uhtG7Le2KbTH7VcVzHc=",
      "requires": {
        "d": "1.0.0",
        "es5-ext": "0.10.46"
      }
    },
    "event-emitter": {
      "version": "0.3.5",
      "resolved": "https://registry.npmjs.org/event-emitter/-/event-emitter-0.3.5.tgz",
      "integrity": "sha1-34xp7vFkeSPHFXuc6DhAYQsCzDk=",
      "requires": {
        "d": "1.0.0",
        "es5-ext": "0.10.46"
      }
    },
    "extend": {
      "version": "3.0.2",
      "resolved": "https://registry.npmjs.org/extend/-/extend-3.0.2.tgz",
      "integrity": "sha512-fjquC59cD7CyW6urNXK0FBufkZcoiGG80wTuPujX590cB5Ttln20E2UB4S/WARVqhXffZl2LNgS+gQdPIIim/g=="
    },
    "next-tick": {
      "version": "1.0.0",
      "resolved": "https://registry.npmjs.org/next-tick/-/next-tick-1.0.0.tgz",
      "integrity": "sha1-yobR/ogoFpsBICCOPchCS524NCw="
    },
    "quicktask": {
      "version": "1.1.0",
      "resolved": "https://registry.npmjs.org/quicktask/-/quicktask-1.1.0.tgz",
      "integrity": "sha512-b3w19IEXnt5auacLAbePVsqPyVQUwmuhJQrrWnVhm4pP8PAMg2U9vFHbAD9XYXXbMDjdLJs0x5NLqwTV8uFK4g=="
    },
    "seedrandom": {
      "version": "2.4.4",
      "resolved": "https://registry.npmjs.org/seedrandom/-/seedrandom-2.4.4.tgz",
      "integrity": "sha512-9A+PDmgm+2du77B5i0Ip2cxOqqHjgNxnBgglxLcX78A2D6c2rTo61z4jnVABpF4cKeDMDG+cmXXvdnqse2VqMA=="
    },
    "snabbdom": {
      "version": "0.7.1",
      "resolved": "https://registry.npmjs.org/snabbdom/-/snabbdom-0.7.1.tgz",
      "integrity": "sha512-uIOCq6rfkBZg2VdSopy9jL0cIOdrkHCcwOjDsLnjef6Z5oPoD8V7nKI8de4gP5GfvyqLY0RBDJP8LVU19Nsw5Q=="
    },
    "snabbdom-pragma": {
      "version": "2.7.0",
      "resolved": "https://registry.npmjs.org/snabbdom-pragma/-/snabbdom-pragma-2.7.0.tgz",
      "integrity": "sha1-4kUBTEDhI9GhOkCmtKGokUYmtls=",
      "requires": {
        "extend": "3.0.2"
      }
    },
    "snabbdom-selector": {
      "version": "3.1.0",
      "resolved": "https://registry.npmjs.org/snabbdom-selector/-/snabbdom-selector-3.1.0.tgz",
      "integrity": "sha512-7FQqsnqwL2Nf6FTYRlqSWdOo3hVTUnDTAPZrA6WHV/7zZGTmmU1yfoC74LwGmZA5FmalxHUjMEvRb5sP5K8NkQ==",
      "requires": {
        "tree-selector": "1.2.0"
      }
    },
    "stats.js": {
      "version": "0.17.0",
      "resolved": "https://registry.npmjs.org/stats.js/-/stats.js-0.17.0.tgz",
      "integrity": "sha1-scPcRtlEmLV4t/05hbgaznExzH0="
    },
    "symbol-observable": {
      "version": "1.2.0",
      "resolved": "https://registry.npmjs.org/symbol-observable/-/symbol-observable-1.2.0.tgz",
      "integrity": "sha512-e900nM8RRtGhlV36KGEU9k65K3mPb1WV70OdjfxlG2EAuM1noi/E/BaW/uMhL7bPEssK8QV57vN3esixjUvcXQ=="
    },
    "tree-selector": {
      "version": "1.2.0",
      "resolved": "https://registry.npmjs.org/tree-selector/-/tree-selector-1.2.0.tgz",
      "integrity": "sha512-UchXIodCdJVo+XfNeWdH9tJI8U9WdwlWKZuUnOZo0nugnfPHElrF6r6yRrZh6ZtwWlPZ2tzNgB7UD1AimyE/ow=="
    },
    "xstream": {
      "version": "11.7.0",
      "resolved": "https://registry.npmjs.org/xstream/-/xstream-11.7.0.tgz",
      "integrity": "sha512-wO3TXiQd2/1UZNVsixDIcQgAN6TU4sGH7qIXvs1CRp1kgtkpU8YTfyKt/z/Z1psqcGnR0cJJxHaCnBxtktLx9w==",
      "requires": {
        "symbol-observable": "1.2.0"
      }
    }
  }
}
