{
  "name": "@cycle-robot-drivers/run",
  "version": "0.1.4",
  "lockfileVersion": 1,
  "requires": true,
  "dependencies": {
    "@cycle-robot-drivers/action": {
      "version": "0.0.19",
      "resolved": "https://registry.npmjs.org/@cycle-robot-drivers/action/-/action-0.0.19.tgz",
      "integrity": "sha512-/Azv8L78nQ9NpIMS29mpYsxacga0Ssok9SfaiBmTSIrX8oc7elYTCpePOBIaR3JMVbb1If70UKq0kKcOn6Ul9A=="
    },
    "@cycle-robot-drivers/screen": {
      "version": "0.0.28",
      "resolved": "https://registry.npmjs.org/@cycle-robot-drivers/screen/-/screen-0.0.28.tgz",
      "integrity": "sha512-a/jT9lRmYeA7SxJeYP18pdBLyhmQ0d0Gj3qQV32qHhQ3qSbplRAe+JBKlPw0Wz7Z+osKBECoMnR9UuzM9Dq17Q==",
      "requires": {
        "@cycle-robot-drivers/action": "0.0.19",
        "@cycle/dom": "22.0.0",
        "@cycle/isolate": "4.1.0",
        "@cycle/run": "5.1.0",
        "xstream": "11.7.0"
      }
    },
    "@cycle-robot-drivers/sound": {
      "version": "0.0.8",
      "resolved": "https://registry.npmjs.org/@cycle-robot-drivers/sound/-/sound-0.0.8.tgz",
      "integrity": "sha512-q/5IrWZTzVayIypg+vrKMGr1GHQ/Qm3Hgmokkc3vS8pp7NgB18VGFiY89PdxAchIW3NeZI6FPb+SFe+jszKRzA==",
      "requires": {
        "@cycle-robot-drivers/action": "0.0.19",
        "@cycle/run": "5.1.0",
        "xstream": "11.7.0"
      }
    },
    "@cycle-robot-drivers/speech": {
      "version": "0.0.11",
      "resolved": "https://registry.npmjs.org/@cycle-robot-drivers/speech/-/speech-0.0.11.tgz",
      "integrity": "sha512-T2QInLarOam/7forXH8EcIBzia/u+niKMeorc1RFejJvSdguZu/pHCn0RIo1ZhQ9FbxOL2o3S8aPaKQOrPlw9A==",
      "requires": {
        "@cycle-robot-drivers/action": "0.0.19",
        "@cycle/run": "5.1.0",
        "xstream": "11.7.0"
      }
    },
    "@cycle/dom": {
      "version": "22.0.0",
      "resolved": "https://registry.npmjs.org/@cycle/dom/-/dom-22.0.0.tgz",
      "integrity": "sha512-Vj6cZjJNz4JAREEz34f84Fvnqjjgz5R3BCg+QJ5o1n7ebrBBDuNr4a7oWxCnkZYdGccAXNA0HjP5tOALPTSoTA==",
      "requires": {
        "@cycle/run": "5.1.0",
        "rxjs": "6.3.3",
        "snabbdom": "0.7.3",
        "snabbdom-selector": "4.1.0",
        "xstream": "11.7.0"
      }
    },
    "@cycle/isolate": {
      "version": "4.1.0",
      "resolved": "https://registry.npmjs.org/@cycle/isolate/-/isolate-4.1.0.tgz",
      "integrity": "sha512-nnuBqXZdak4fGeYWQFoXC4zmmTFYhIfArTKCpU5XmIgF4aqD0cQg02QBobczn86EJO7SpIuWUh7l8FF5IL4pNw==",
      "requires": {
        "@cycle/run": "5.1.0",
        "xstream": "11.7.0"
      }
    },
    "@cycle/run": {
      "version": "5.1.0",
      "resolved": "https://registry.npmjs.org/@cycle/run/-/run-5.1.0.tgz",
      "integrity": "sha512-zBjLl91JbGJt4TVqWnYXKvqgxDDZldjQeF71s6wOiY/Nt0RffaUACg5QkwNoHGLkFalBMp3Kmt+TNNONeA2N9w==",
      "requires": {
        "quicktask": "1.1.0",
        "xstream": "11.7.0"
      }
    },
    "@cycle/state": {
      "version": "1.1.0",
      "resolved": "https://registry.npmjs.org/@cycle/state/-/state-1.1.0.tgz",
      "integrity": "sha512-Dr4/CI1kizy7pF7AWFU2MzW1dZzxhbSIAFx85rk/xeeHBYaoivQIbwO9r881+J3zLg/6jKME38A2BnVT20S3Fw==",
      "requires": {
        "@cycle/isolate": "4.2.0",
        "@cycle/run": "5.2.0",
        "quicktask": "1.1.0",
        "xstream": "11.7.0"
      },
      "dependencies": {
        "@cycle/isolate": {
          "version": "4.2.0",
          "resolved": "https://registry.npmjs.org/@cycle/isolate/-/isolate-4.2.0.tgz",
          "integrity": "sha512-I11AOSaKIIuh5Ww08BRO9pZiqi5HxtQUM2eFMOAkwDyjlLfuzqvZKSg61NWJfl/RPAgcMwgDo1tbExSr3nI+NA==",
          "requires": {
            "@cycle/run": "5.2.0",
            "xstream": "11.7.0"
          }
        },
        "@cycle/run": {
          "version": "5.2.0",
          "resolved": "https://registry.npmjs.org/@cycle/run/-/run-5.2.0.tgz",
          "integrity": "sha512-FTXtJ13I8MkBo7BGBH6S41/vt/Z/s23ZjyhmyTrFGCFxBH5rtIJGcuVPwbSVRlpjFq7G2Vjxd585u+0kANhNvA==",
          "requires": {
            "quicktask": "1.1.0",
            "xstream": "11.7.0"
          }
        }
      }
    },
    "@tensorflow-models/posenet": {
      "version": "0.2.2",
      "resolved": "https://registry.npmjs.org/@tensorflow-models/posenet/-/posenet-0.2.2.tgz",
      "integrity": "sha512-Tm54tGEtK10I2aBSDwym4aqQKWP9P8oSMm80H8mad9EqTKQWyJuJ1gnbdQ9P7zK3VX8M0eNVXMxjto4tjPhLsQ=="
    },
    "@tensorflow/tfjs": {
      "version": "0.10.3",
      "resolved": "https://registry.npmjs.org/@tensorflow/tfjs/-/tfjs-0.10.3.tgz",
      "integrity": "sha512-3j/GZNOs7QFuWhdBnyj1+Ot0OLM5uMS/tzvTQlPCZwmD/kq1448XpWSh0nJsSMhuN0TGEFTe4DTu8jVs44K9uw==",
      "requires": {
        "@tensorflow/tfjs-core": "0.8.4",
        "@tensorflow/tfjs-layers": "0.5.3"
      }
    },
    "@tensorflow/tfjs-core": {
      "version": "0.8.4",
      "resolved": "https://registry.npmjs.org/@tensorflow/tfjs-core/-/tfjs-core-0.8.4.tgz",
      "integrity": "sha512-8sq2B391UtqELupdWpghElWJXYQVV6QIyvLipN8KLuIzbThbn4qXMOeHgGtu2C+cKMdGg21UzNrGSgfTKiPB3g==",
      "requires": {
        "seedrandom": "2.4.4"
      }
    },
    "@tensorflow/tfjs-layers": {
      "version": "0.5.3",
      "resolved": "https://registry.npmjs.org/@tensorflow/tfjs-layers/-/tfjs-layers-0.5.3.tgz",
      "integrity": "sha512-GNGVnbg8FPTwEglZp1VDuxVkAUMmC9oPkuz1kTExdfEJyPywGxyIfCNs6sJn5b1XupGazautbnGWOe13qDDH3Q=="
    },
    "cycle-posenet-driver": {
      "version": "0.0.24",
      "resolved": "https://registry.npmjs.org/cycle-posenet-driver/-/cycle-posenet-driver-0.0.24.tgz",
      "integrity": "sha512-784uEaUj/OX00rYhvUnj1q6/ENpbZ4bZdtxXVjv6reRrZ44MiWR7mdtLCvguecQttjN/3zeIxfT7lzrWDW+rbg==",
      "requires": {
        "@cycle-robot-drivers/action": "0.0.19",
        "@cycle/run": "5.1.0",
        "@tensorflow-models/posenet": "0.2.2",
        "@tensorflow/tfjs": "0.10.3",
        "dat.gui": "0.7.2",
        "snabbdom": "0.7.1",
        "snabbdom-pragma": "2.7.0",
        "stats.js": "0.17.0",
        "xstream": "11.7.0"
      },
      "dependencies": {
        "snabbdom": {
          "version": "0.7.1",
          "resolved": "https://registry.npmjs.org/snabbdom/-/snabbdom-0.7.1.tgz",
          "integrity": "sha512-uIOCq6rfkBZg2VdSopy9jL0cIOdrkHCcwOjDsLnjef6Z5oPoD8V7nKI8de4gP5GfvyqLY0RBDJP8LVU19Nsw5Q=="
        }
      }
    },
    "dat.gui": {
      "version": "0.7.2",
      "resolved": "https://registry.npmjs.org/dat.gui/-/dat.gui-0.7.2.tgz",
      "integrity": "sha512-Me2SHBCRiSf/4YXfmpZl2+oXKCCK0GMu1Bc86UmC2UwE3ha3NlFsjoq7D8zBRVlLibSlxMjmc2qM3CB9fPDbEA=="
    },
    "extend": {
      "version": "3.0.2",
      "resolved": "https://registry.npmjs.org/extend/-/extend-3.0.2.tgz",
      "integrity": "sha512-fjquC59cD7CyW6urNXK0FBufkZcoiGG80wTuPujX590cB5Ttln20E2UB4S/WARVqhXffZl2LNgS+gQdPIIim/g=="
    },
    "quicktask": {
      "version": "1.1.0",
      "resolved": "https://registry.npmjs.org/quicktask/-/quicktask-1.1.0.tgz",
      "integrity": "sha512-b3w19IEXnt5auacLAbePVsqPyVQUwmuhJQrrWnVhm4pP8PAMg2U9vFHbAD9XYXXbMDjdLJs0x5NLqwTV8uFK4g=="
    },
    "rxjs": {
      "version": "6.3.3",
      "resolved": "https://registry.npmjs.org/rxjs/-/rxjs-6.3.3.tgz",
      "integrity": "sha512-JTWmoY9tWCs7zvIk/CvRjhjGaOd+OVBM987mxFo+OW66cGpdKjZcpmc74ES1sB//7Kl/PAe8+wEakuhG4pcgOw==",
      "requires": {
        "tslib": "1.9.3"
      }
    },
    "seedrandom": {
      "version": "2.4.4",
      "resolved": "https://registry.npmjs.org/seedrandom/-/seedrandom-2.4.4.tgz",
      "integrity": "sha512-9A+PDmgm+2du77B5i0Ip2cxOqqHjgNxnBgglxLcX78A2D6c2rTo61z4jnVABpF4cKeDMDG+cmXXvdnqse2VqMA=="
    },
    "snabbdom": {
      "version": "0.7.3",
      "resolved": "https://registry.npmjs.org/snabbdom/-/snabbdom-0.7.3.tgz",
      "integrity": "sha512-XNh90GQiV36hWdfSL46fIVrSSvmBuZlWk3++qaEgBeQWQJCqTphcbjTODPv8/vyZHJaB3VhePsWfGxi/zBxXyw=="
    },
    "snabbdom-pragma": {
      "version": "2.7.0",
      "resolved": "https://registry.npmjs.org/snabbdom-pragma/-/snabbdom-pragma-2.7.0.tgz",
      "integrity": "sha1-4kUBTEDhI9GhOkCmtKGokUYmtls=",
      "requires": {
        "extend": "3.0.2"
      }
    },
    "snabbdom-selector": {
      "version": "4.1.0",
      "resolved": "https://registry.npmjs.org/snabbdom-selector/-/snabbdom-selector-4.1.0.tgz",
      "integrity": "sha512-NDWOVSUR6yPlxH2F9XRwnF59UObLnItfSXcIw6+azkyrEDqT2c8pZ85UHvjijsgdve3g19qsC0/69tB5eZqTvA==",
      "requires": {
        "tree-selector": "2.1.0"
      }
    },
    "stats.js": {
      "version": "0.17.0",
      "resolved": "https://registry.npmjs.org/stats.js/-/stats.js-0.17.0.tgz",
      "integrity": "sha1-scPcRtlEmLV4t/05hbgaznExzH0="
    },
    "symbol-observable": {
      "version": "1.2.0",
      "resolved": "https://registry.npmjs.org/symbol-observable/-/symbol-observable-1.2.0.tgz",
      "integrity": "sha512-e900nM8RRtGhlV36KGEU9k65K3mPb1WV70OdjfxlG2EAuM1noi/E/BaW/uMhL7bPEssK8QV57vN3esixjUvcXQ=="
    },
    "tree-selector": {
      "version": "2.1.0",
      "resolved": "https://registry.npmjs.org/tree-selector/-/tree-selector-2.1.0.tgz",
      "integrity": "sha512-Giao15zxN5PvdzJv7HDubn3aSrlsWD9TG9xngYkiuChhIgPH6cQqvCGV5sJ/sWahm7nRtPx46hKax81eyz1sOg=="
    },
    "tslib": {
      "version": "1.9.3",
      "resolved": "https://registry.npmjs.org/tslib/-/tslib-1.9.3.tgz",
      "integrity": "sha512-4krF8scpejhaOgqzBEcGM7yDIEfi0/8+8zDRZhNZZ2kjmHJ4hv3zCbQWxoJGz1iw5U0Jl0nma13xzHXcncMavQ=="
    },
    "xstream": {
      "version": "11.7.0",
      "resolved": "https://registry.npmjs.org/xstream/-/xstream-11.7.0.tgz",
      "integrity": "sha512-wO3TXiQd2/1UZNVsixDIcQgAN6TU4sGH7qIXvs1CRp1kgtkpU8YTfyKt/z/Z1psqcGnR0cJJxHaCnBxtktLx9w==",
      "requires": {
        "symbol-observable": "1.2.0"
      }
    }
  }
}
