{
  "name": "@cycle-robot-drivers/run",
  "version": "1.0.6",
  "lockfileVersion": 1,
  "requires": true,
  "dependencies": {
    "@cycle-robot-drivers/action": {
      "version": "1.0.1",
      "resolved": "https://registry.npmjs.org/@cycle-robot-drivers/action/-/action-1.0.1.tgz",
      "integrity": "sha512-Q+eA4ggFZnfhoTSi5uZHuup+COJSqx7ytMnyjwaP9APS4F4oKGongEzpNTFEdmIJFMnA/IYwcA5JiYcELZNKJw==",
      "requires": {
        "@cycle/state": "1.2.0",
        "xstream": "11.10.0"
      }
    },
    "@cycle-robot-drivers/screen": {
      "version": "1.0.1",
      "resolved": "https://registry.npmjs.org/@cycle-robot-drivers/screen/-/screen-1.0.1.tgz",
      "integrity": "sha512-x4/EwtPS+AFP2XqQ+xMXXwHVpXJfVQN5f9E3IjzEGJQX66YYQ/D3463Qv0eGayaW0HNAP1Xpsyu5oHztpXh0yg==",
      "requires": {
        "@cycle-robot-drivers/action": "1.0.1",
        "@cycle/dom": "22.3.0",
        "@cycle/isolate": "5.0.0",
        "@cycle/run": "5.2.0",
        "xstream": "11.10.0"
      }
    },
    "@cycle-robot-drivers/sound": {
      "version": "1.0.2",
      "resolved": "https://registry.npmjs.org/@cycle-robot-drivers/sound/-/sound-1.0.2.tgz",
      "integrity": "sha512-lW/tpZ0qG8h742t0yunGL0rbQO8ejUiysXao8RbAdiH7Gw55G1Rq+LfleEUTcSsjqzXkITdPW4xtQewGYqXE6Q==",
      "requires": {
        "@cycle-robot-drivers/action": "1.0.1",
        "@cycle/run": "5.2.0",
        "xstream": "11.10.0"
      }
    },
    "@cycle-robot-drivers/speech": {
      "version": "1.0.2",
      "resolved": "https://registry.npmjs.org/@cycle-robot-drivers/speech/-/speech-1.0.2.tgz",
      "integrity": "sha512-dUVFYYUmPqthidj+ZzVvmAkfP2HrRbmT6U/P/n1LBLWP5KWfhSHOO4aB1B0XToW8L6dO6F3V0y35/I4EqjUpTQ==",
      "requires": {
        "@cycle-robot-drivers/action": "1.0.1",
        "@cycle/run": "5.2.0",
        "xstream": "11.10.0"
      }
    },
    "@cycle/dom": {
      "version": "22.3.0",
      "resolved": "https://registry.npmjs.org/@cycle/dom/-/dom-22.3.0.tgz",
      "integrity": "sha512-7VMGsiQsHp8cHD+o3HcuOrvHkTlS7TY1aNyLoEJD0p5cWmxzaiotapFH+6rDpNq4FzuiIeZLR5SPHVNEt9pBQA==",
      "requires": {
        "@cycle/run": "5.2.0",
        "snabbdom": "0.7.3",
        "snabbdom-selector": "4.1.0",
        "xstream": "11.10.0"
      }
    },
    "@cycle/isolate": {
      "version": "5.0.0",
      "resolved": "https://registry.npmjs.org/@cycle/isolate/-/isolate-5.0.0.tgz",
      "integrity": "sha512-9MS+Z7AjRzYljOc+AqSQUQBmQw0473rqv6op0dyhumILydcGirTmR6hrilJ/IYcYjeDEYaVfftYuIu15kU/Qcg==",
      "requires": {
        "@cycle/run": "5.2.0",
        "xstream": "11.10.0"
      }
    },
    "@cycle/run": {
      "version": "5.2.0",
      "resolved": "https://registry.npmjs.org/@cycle/run/-/run-5.2.0.tgz",
      "integrity": "sha512-FTXtJ13I8MkBo7BGBH6S41/vt/Z/s23ZjyhmyTrFGCFxBH5rtIJGcuVPwbSVRlpjFq7G2Vjxd585u+0kANhNvA==",
      "requires": {
        "quicktask": "1.1.0",
        "xstream": "11.10.0"
      }
    },
    "@cycle/state": {
      "version": "1.2.0",
      "resolved": "https://registry.npmjs.org/@cycle/state/-/state-1.2.0.tgz",
      "integrity": "sha512-G9Htl8zEuxd3GhYLm0zwARq1CSOeyaL2VN1SCmMUF6wUvrv17xQGfiYOcfOQ9aFeOwJnc+G9p6Dya2uRNNRhog==",
      "requires": {
        "@cycle/isolate": "5.0.0",
        "@cycle/run": "5.2.0",
        "quicktask": "1.1.0",
        "xstream": "11.10.0"
      }
    },
    "@tensorflow-models/posenet": {
      "version": "1.0.0",
      "resolved": "https://registry.npmjs.org/@tensorflow-models/posenet/-/posenet-1.0.0.tgz",
      "integrity": "sha512-uq/evoEMn3rD4J+yYIEp9S62bXn7mbMTEpSnnBz+rCEuzEEQkwNJByy99+K+OZfFPP71OtIkngDvrBhZxRe0OQ=="
    },
    "@tensorflow/tfjs": {
      "version": "1.0.3",
      "resolved": "https://registry.npmjs.org/@tensorflow/tfjs/-/tfjs-1.0.3.tgz",
      "integrity": "sha512-tF6GcjO2KBYlPPiS7o4X+D3oASXJcWAYaZA13GCYp5cXAui0ncHxpC85kmNQlp2HEVmcE82BJz/1uUtkNxxQpw==",
      "requires": {
        "@tensorflow/tfjs-converter": "1.0.3",
        "@tensorflow/tfjs-core": "1.0.3",
        "@tensorflow/tfjs-data": "1.0.3",
        "@tensorflow/tfjs-layers": "1.0.3"
      }
    },
    "@tensorflow/tfjs-converter": {
      "version": "1.0.3",
      "resolved": "https://registry.npmjs.org/@tensorflow/tfjs-converter/-/tfjs-converter-1.0.3.tgz",
      "integrity": "sha512-vrGvVrPekhTOwMGsomcpcjw0ZUep6xhI8DQQoFXHjBcprt9bFO2hHMdAmYpqafcJ7KVMylbK4h2LJrsBI2zDgQ=="
    },
    "@tensorflow/tfjs-core": {
      "version": "1.0.3",
      "resolved": "https://registry.npmjs.org/@tensorflow/tfjs-core/-/tfjs-core-1.0.3.tgz",
      "integrity": "sha512-2UbjMQkmrykIIZuoRfmDPrtWm+6fdQRlYLCUJdiOIooeu/q4nye587HM1qKcdZosGPZTW6VvX+4VIVieYn5i0A==",
      "requires": {
        "@types/seedrandom": "2.4.27",
        "@types/webgl-ext": "0.0.30",
        "@types/webgl2": "0.0.4",
        "seedrandom": "2.4.3"
      }
    },
    "@tensorflow/tfjs-data": {
      "version": "1.0.3",
      "resolved": "https://registry.npmjs.org/@tensorflow/tfjs-data/-/tfjs-data-1.0.3.tgz",
      "integrity": "sha512-WFjYU2pWNZ0TZaJ7rN18GD/wOTVe6rBGxvSwZxIhEVIbwKXaKXFa9V4aGp4QBG9AXHIA89SjmGSGPxfsC015hQ==",
      "requires": {
        "@types/node-fetch": "2.3.2",
        "node-fetch": "2.1.2",
        "seedrandom": "2.4.3"
      }
    },
    "@tensorflow/tfjs-layers": {
      "version": "1.0.3",
      "resolved": "https://registry.npmjs.org/@tensorflow/tfjs-layers/-/tfjs-layers-1.0.3.tgz",
      "integrity": "sha512-7VdvQb0ft7TrWAbBy7HI+p420KX9rblYYACZ7/BzvzsikfEOdEL90WxrZDjZ167rYN/KvqC/haGcmhW/dYU3MA=="
    },
    "@types/node": {
      "version": "11.13.4",
      "resolved": "https://registry.npmjs.org/@types/node/-/node-11.13.4.tgz",
      "integrity": "sha512-+rabAZZ3Yn7tF/XPGHupKIL5EcAbrLxnTr/hgQICxbeuAfWtT0UZSfULE+ndusckBItcv4o6ZeOJplQikVcLvQ=="
    },
    "@types/node-fetch": {
      "version": "2.3.2",
      "resolved": "https://registry.npmjs.org/@types/node-fetch/-/node-fetch-2.3.2.tgz",
      "integrity": "sha512-yW0EOebSsQme9yKu09XbdDfle4/SmWZMK4dfteWcSLCYNQQcF+YOv0kIrvm+9pO11/ghA4E6A+RNQqvYj4Nr3A==",
      "requires": {
        "@types/node": "11.13.4"
      }
    },
    "@types/seedrandom": {
      "version": "2.4.27",
      "resolved": "https://registry.npmjs.org/@types/seedrandom/-/seedrandom-2.4.27.tgz",
      "integrity": "sha1-nbVjk33YaRX2kJK8QyWdL0hXjkE="
    },
    "@types/webgl-ext": {
      "version": "0.0.30",
      "resolved": "https://registry.npmjs.org/@types/webgl-ext/-/webgl-ext-0.0.30.tgz",
      "integrity": "sha512-LKVgNmBxN0BbljJrVUwkxwRYqzsAEPcZOe6S2T6ZaBDIrFp0qu4FNlpc5sM1tGbXUYFgdVQIoeLk1Y1UoblyEg=="
    },
    "@types/webgl2": {
      "version": "0.0.4",
      "resolved": "https://registry.npmjs.org/@types/webgl2/-/webgl2-0.0.4.tgz",
      "integrity": "sha512-PACt1xdErJbMUOUweSrbVM7gSIYm1vTncW2hF6Os/EeWi6TXYAYMPp+8v6rzHmypE5gHrxaxZNXgMkJVIdZpHw=="
    },
    "cycle-posenet-driver": {
      "version": "1.0.1",
      "resolved": "https://registry.npmjs.org/cycle-posenet-driver/-/cycle-posenet-driver-1.0.1.tgz",
      "integrity": "sha512-Z201/O3ZLVktNRD0Aw0+oNeK4byrv+mgdxlO54o5Ng6ExZ6uJgWx4bybnankW7xfLd33QQcI1ywFAenzyhpQ9Q==",
      "requires": {
        "@cycle/dom": "22.3.0",
        "@cycle/run": "5.2.0",
        "@tensorflow-models/posenet": "1.0.0",
        "@tensorflow/tfjs": "1.0.3",
        "dat.gui": "0.7.2",
        "stats.js": "0.17.0",
        "xstream": "11.10.0"
      }
    },
    "dat.gui": {
      "version": "0.7.2",
      "resolved": "https://registry.npmjs.org/dat.gui/-/dat.gui-0.7.2.tgz",
      "integrity": "sha512-Me2SHBCRiSf/4YXfmpZl2+oXKCCK0GMu1Bc86UmC2UwE3ha3NlFsjoq7D8zBRVlLibSlxMjmc2qM3CB9fPDbEA=="
    },
    "node-fetch": {
      "version": "2.1.2",
      "resolved": "https://registry.npmjs.org/node-fetch/-/node-fetch-2.1.2.tgz",
      "integrity": "sha1-q4hOjn5X44qUR1POxwb3iNF2i7U="
    },
    "quicktask": {
      "version": "1.1.0",
      "resolved": "https://registry.npmjs.org/quicktask/-/quicktask-1.1.0.tgz",
      "integrity": "sha512-b3w19IEXnt5auacLAbePVsqPyVQUwmuhJQrrWnVhm4pP8PAMg2U9vFHbAD9XYXXbMDjdLJs0x5NLqwTV8uFK4g=="
    },
    "seedrandom": {
      "version": "2.4.3",
      "resolved": "https://registry.npmjs.org/seedrandom/-/seedrandom-2.4.3.tgz",
      "integrity": "sha1-JDhQTa0zkXMUv/GKxNeU8W1qrsw="
    },
    "snabbdom": {
      "version": "0.7.3",
      "resolved": "https://registry.npmjs.org/snabbdom/-/snabbdom-0.7.3.tgz",
      "integrity": "sha512-XNh90GQiV36hWdfSL46fIVrSSvmBuZlWk3++qaEgBeQWQJCqTphcbjTODPv8/vyZHJaB3VhePsWfGxi/zBxXyw=="
    },
    "snabbdom-selector": {
      "version": "4.1.0",
      "resolved": "https://registry.npmjs.org/snabbdom-selector/-/snabbdom-selector-4.1.0.tgz",
      "integrity": "sha512-NDWOVSUR6yPlxH2F9XRwnF59UObLnItfSXcIw6+azkyrEDqT2c8pZ85UHvjijsgdve3g19qsC0/69tB5eZqTvA==",
      "requires": {
        "tree-selector": "2.1.0"
      }
    },
    "stats.js": {
      "version": "0.17.0",
      "resolved": "https://registry.npmjs.org/stats.js/-/stats.js-0.17.0.tgz",
      "integrity": "sha1-scPcRtlEmLV4t/05hbgaznExzH0="
    },
    "symbol-observable": {
      "version": "1.2.0",
      "resolved": "https://registry.npmjs.org/symbol-observable/-/symbol-observable-1.2.0.tgz",
      "integrity": "sha512-e900nM8RRtGhlV36KGEU9k65K3mPb1WV70OdjfxlG2EAuM1noi/E/BaW/uMhL7bPEssK8QV57vN3esixjUvcXQ=="
    },
    "tree-selector": {
      "version": "2.1.0",
      "resolved": "https://registry.npmjs.org/tree-selector/-/tree-selector-2.1.0.tgz",
      "integrity": "sha512-Giao15zxN5PvdzJv7HDubn3aSrlsWD9TG9xngYkiuChhIgPH6cQqvCGV5sJ/sWahm7nRtPx46hKax81eyz1sOg=="
    },
    "xstream": {
      "version": "11.10.0",
      "resolved": "https://registry.npmjs.org/xstream/-/xstream-11.10.0.tgz",
      "integrity": "sha512-jzFCiRqGtrJi2S1/RPxVFgJwWVBzy4suMPBXlhOi0BJC7VvsXgo2yOHWnOasnj24n2Dlj2Mgfl6fJXPOYmpHFA==",
      "requires": {
        "symbol-observable": "1.2.0"
      }
    }
  }
}
